
Microsoft Visual Studio Solution File, Format Version 12.00
# Visual Studio Version 16
VisualStudioVersion = 16.0.31205.134
MinimumVisualStudioVersion = 10.0.40219.1
Project("{FAE04EC0-301F-11D3-BF4B-00C04F79EFBC}") = "DevIO.AppMvc", "src\DevIO.AppMvc\DevIO.AppMvc.csproj", "{1333178C-C585-4EBE-8B3F-13643C164EEE}"
EndProject
Project("{FAE04EC0-301F-11D3-BF4B-00C04F79EFBC}") = "DevIO.Business", "src\DevIO.Business\DevIO.Business.csproj", "{250898FB-1207-416A-B327-64DD6C96E6CD}"
EndProject
Project("{FAE04EC0-301F-11D3-BF4B-00C04F79EFBC}") = "DevIO.Infra", "src\DevIO.Infra\DevIO.Infra.csproj", "{BFC3C8C2-08E7-42ED-BA24-6B97B93F020E}"
EndProject
Global
	GlobalSection(SolutionConfigurationPlatforms) = preSolution
		Debug|Any CPU = Debug|Any CPU
		Release|Any CPU = Release|Any CPU
	EndGlobalSection
	GlobalSection(ProjectConfigurationPlatforms) = postSolution
		{1333178C-C585-4EBE-8B3F-13643C164EEE}.Debug|Any CPU.ActiveCfg = Debug|Any CPU
		{1333178C-C585-4EBE-8B3F-13643C164EEE}.Debug|Any CPU.Build.0 = Debug|Any CPU
		{1333178C-C585-4EBE-8B3F-13643C164EEE}.Release|Any CPU.ActiveCfg = Release|Any CPU
		{1333178C-C585-4EBE-8B3F-13643C164EEE}.Release|Any CPU.Build.0 = Release|Any CPU
		{250898FB-1207-416A-B327-64DD6C96E6CD}.Debug|Any CPU.ActiveCfg = Debug|Any CPU
		{250898FB-1207-416A-B327-64DD6C96E6CD}.Debug|Any CPU.Build.0 = Debug|Any CPU
		{250898FB-1207-416A-B327-64DD6C96E6CD}.Release|Any CPU.ActiveCfg = Release|Any CPU
		{250898FB-1207-416A-B327-64DD6C96E6CD}.Release|Any CPU.Build.0 = Release|Any CPU
		{BFC3C8C2-08E7-42ED-BA24-6B97B93F020E}.Debug|Any CPU.ActiveCfg = Debug|Any CPU
		{BFC3C8C2-08E7-42ED-BA24-6B97B93F020E}.Debug|Any CPU.Build.0 = Debug|Any CPU
		{BFC3C8C2-08E7-42ED-BA24-6B97B93F020E}.Release|Any CPU.ActiveCfg = Release|Any CPU
		{BFC3C8C2-08E7-42ED-BA24-6B97B93F020E}.Release|Any CPU.Build.0 = Release|Any CPU
	EndGlobalSection
	GlobalSection(SolutionProperties) = preSolution
		HideSolutionNode = FALSE
	EndGlobalSection
	GlobalSection(ExtensibilityGlobals) = postSolution
		SolutionGuid = {EC42E436-2481-4929-9DD0-0260A1AE3741}
	EndGlobalSection
EndGlobal
